
Microsoft Visual Studio Solution File, Format Version 12.00
# Visual Studio Version 16
VisualStudioVersion = 16.0.29503.13
MinimumVisualStudioVersion = 10.0.40219.1
Project("{2150E333-8FDC-42A3-9474-1A3956D46DE8}") = "Controllers", "Controllers", "{D44CE01E-6359-4BAE-A800-065E77FFB1E2}"
EndProject
Project("{2150E333-8FDC-42A3-9474-1A3956D46DE8}") = "_Tests", "_Tests", "{ABA97013-760C-4F3A-9BF3-3AE4744A5095}"
EndProject
Project("{9A19103F-16F7-4668-BE54-9A1E7A4F7556}") = "TeamA.Exogredient.TestController", "TeamA.Exogredient.TestController\TeamA.Exogredient.TestController.csproj", "{CA4BA115-6992-446F-B7F5-734951BF99F6}"
EndProject
Project("{2150E333-8FDC-42A3-9474-1A3956D46DE8}") = "DAL", "DAL", "{4A2FF568-6425-437D-B3A9-59A1AD81BF50}"
EndProject
Project("{2150E333-8FDC-42A3-9474-1A3956D46DE8}") = "Managers", "Managers", "{28611C63-BE9A-4A35-AE66-C79EB3B10F3C}"
EndProject
Project("{2150E333-8FDC-42A3-9474-1A3956D46DE8}") = "Services", "Services", "{448E6539-B3AC-46CA-8E06-952D4D6C25F4}"
EndProject
Project("{9A19103F-16F7-4668-BE54-9A1E7A4F7556}") = "TeamA.Exogredient.DAL", "TeamA.Exogredient.DAL\TeamA.Exogredient.DAL.csproj", "{79A9AEED-F013-4AF2-8A3B-57986E6AE05A}"
EndProject
Project("{9A19103F-16F7-4668-BE54-9A1E7A4F7556}") = "TeamA.Exogredient.Managers", "TeamA.Exogredient.Managers\TeamA.Exogredient.Managers.csproj", "{D3DC1144-3EA2-48BD-AC8D-C5C3FC84FD8C}"
EndProject
Project("{9A19103F-16F7-4668-BE54-9A1E7A4F7556}") = "TeamA.Exogredient.Services", "TeamA.Exogredient.Services\TeamA.Exogredient.Services.csproj", "{05D64C89-E08F-4AE6-98B1-5FD193587F8F}"
EndProject
Project("{9A19103F-16F7-4668-BE54-9A1E7A4F7556}") = "TeamA.Exogredient.Tests", "TeamA.Exogredient.Tests\TeamA.Exogredient.Tests.csproj", "{69100CF2-CDA4-4ABC-8671-8E4BDFEAFBDB}"
EndProject
Project("{2150E333-8FDC-42A3-9474-1A3956D46DE8}") = "_Scripts", "_Scripts", "{F8AF24C4-D01C-4CA7-BE27-0B37C99C46A9}"
EndProject
Project("{9A19103F-16F7-4668-BE54-9A1E7A4F7556}") = "TeamA.Exogredient.ArchivingConsoleApp", "TeamA.Exogredient.ArchivingConsoleApp\TeamA.Exogredient.ArchivingConsoleApp.csproj", "{612C32B2-E9F0-4A95-B58B-D95A28578615}"
EndProject
Project("{9A19103F-16F7-4668-BE54-9A1E7A4F7556}") = "TeamA.Exogredient.CorruptedPasswordsConsoleApp", "TeamA.Exogredient.CorruptedPasswordsConsoleApp\TeamA.Exogredient.CorruptedPasswordsConsoleApp.csproj", "{32D6B53D-3512-4863-8B5E-5625847BBEA0}"
EndProject
Project("{2150E333-8FDC-42A3-9474-1A3956D46DE8}") = "_Constants", "_Constants", "{55D63373-D39C-4D9D-88A5-4876FF79145A}"
EndProject
Project("{9A19103F-16F7-4668-BE54-9A1E7A4F7556}") = "TeamA.Exogredient.AppConstants", "TeamA.Exogredient.AppConstants\TeamA.Exogredient.AppConstants.csproj", "{A3622C74-EF76-4E83-9D5A-B32FF4577D9E}"
EndProject
Project("{9A19103F-16F7-4668-BE54-9A1E7A4F7556}") = "TeamA.Exogredient.SQLCreateConsoleApp", "TeamA.Exogredient.SQLCreateConsoleApp\TeamA.Exogredient.SQLCreateConsoleApp.csproj", "{5FECA534-FAFC-4FB6-B76E-037CF370F803}"
EndProject
Project("{2150E333-8FDC-42A3-9474-1A3956D46DE8}") = "_HelperObjects", "_HelperObjects", "{3E7FFB8E-CE6D-48EF-82E8-1E7E5184F6B8}"
EndProject
Project("{9A19103F-16F7-4668-BE54-9A1E7A4F7556}") = "TeamA.Exogredient.DataHelpers", "TeamA.Exogredient.DataHelpers\TeamA.Exogredient.DataHelpers.csproj", "{905325F5-4FE1-4246-8A65-DDF49CA7A50D}"
EndProject
Global
	GlobalSection(SolutionConfigurationPlatforms) = preSolution
		Debug|Any CPU = Debug|Any CPU
		Release|Any CPU = Release|Any CPU
	EndGlobalSection
	GlobalSection(ProjectConfigurationPlatforms) = postSolution
		{CA4BA115-6992-446F-B7F5-734951BF99F6}.Debug|Any CPU.ActiveCfg = Debug|Any CPU
		{CA4BA115-6992-446F-B7F5-734951BF99F6}.Debug|Any CPU.Build.0 = Debug|Any CPU
		{CA4BA115-6992-446F-B7F5-734951BF99F6}.Release|Any CPU.ActiveCfg = Release|Any CPU
		{CA4BA115-6992-446F-B7F5-734951BF99F6}.Release|Any CPU.Build.0 = Release|Any CPU
		{79A9AEED-F013-4AF2-8A3B-57986E6AE05A}.Debug|Any CPU.ActiveCfg = Debug|Any CPU
		{79A9AEED-F013-4AF2-8A3B-57986E6AE05A}.Debug|Any CPU.Build.0 = Debug|Any CPU
		{79A9AEED-F013-4AF2-8A3B-57986E6AE05A}.Release|Any CPU.ActiveCfg = Release|Any CPU
		{79A9AEED-F013-4AF2-8A3B-57986E6AE05A}.Release|Any CPU.Build.0 = Release|Any CPU
		{D3DC1144-3EA2-48BD-AC8D-C5C3FC84FD8C}.Debug|Any CPU.ActiveCfg = Debug|Any CPU
		{D3DC1144-3EA2-48BD-AC8D-C5C3FC84FD8C}.Debug|Any CPU.Build.0 = Debug|Any CPU
		{D3DC1144-3EA2-48BD-AC8D-C5C3FC84FD8C}.Release|Any CPU.ActiveCfg = Release|Any CPU
		{D3DC1144-3EA2-48BD-AC8D-C5C3FC84FD8C}.Release|Any CPU.Build.0 = Release|Any CPU
		{05D64C89-E08F-4AE6-98B1-5FD193587F8F}.Debug|Any CPU.ActiveCfg = Debug|Any CPU
		{05D64C89-E08F-4AE6-98B1-5FD193587F8F}.Debug|Any CPU.Build.0 = Debug|Any CPU
		{05D64C89-E08F-4AE6-98B1-5FD193587F8F}.Release|Any CPU.ActiveCfg = Release|Any CPU
		{05D64C89-E08F-4AE6-98B1-5FD193587F8F}.Release|Any CPU.Build.0 = Release|Any CPU
		{69100CF2-CDA4-4ABC-8671-8E4BDFEAFBDB}.Debug|Any CPU.ActiveCfg = Debug|Any CPU
		{69100CF2-CDA4-4ABC-8671-8E4BDFEAFBDB}.Debug|Any CPU.Build.0 = Debug|Any CPU
		{69100CF2-CDA4-4ABC-8671-8E4BDFEAFBDB}.Release|Any CPU.ActiveCfg = Release|Any CPU
		{69100CF2-CDA4-4ABC-8671-8E4BDFEAFBDB}.Release|Any CPU.Build.0 = Release|Any CPU
		{612C32B2-E9F0-4A95-B58B-D95A28578615}.Debug|Any CPU.ActiveCfg = Debug|Any CPU
		{612C32B2-E9F0-4A95-B58B-D95A28578615}.Debug|Any CPU.Build.0 = Debug|Any CPU
		{612C32B2-E9F0-4A95-B58B-D95A28578615}.Release|Any CPU.ActiveCfg = Release|Any CPU
		{612C32B2-E9F0-4A95-B58B-D95A28578615}.Release|Any CPU.Build.0 = Release|Any CPU
		{32D6B53D-3512-4863-8B5E-5625847BBEA0}.Debug|Any CPU.ActiveCfg = Debug|Any CPU
		{32D6B53D-3512-4863-8B5E-5625847BBEA0}.Debug|Any CPU.Build.0 = Debug|Any CPU
		{32D6B53D-3512-4863-8B5E-5625847BBEA0}.Release|Any CPU.ActiveCfg = Release|Any CPU
		{32D6B53D-3512-4863-8B5E-5625847BBEA0}.Release|Any CPU.Build.0 = Release|Any CPU
		{A3622C74-EF76-4E83-9D5A-B32FF4577D9E}.Debug|Any CPU.ActiveCfg = Debug|Any CPU
		{A3622C74-EF76-4E83-9D5A-B32FF4577D9E}.Debug|Any CPU.Build.0 = Debug|Any CPU
		{A3622C74-EF76-4E83-9D5A-B32FF4577D9E}.Release|Any CPU.ActiveCfg = Release|Any CPU
		{A3622C74-EF76-4E83-9D5A-B32FF4577D9E}.Release|Any CPU.Build.0 = Release|Any CPU
		{5FECA534-FAFC-4FB6-B76E-037CF370F803}.Debug|Any CPU.ActiveCfg = Debug|Any CPU
		{5FECA534-FAFC-4FB6-B76E-037CF370F803}.Debug|Any CPU.Build.0 = Debug|Any CPU
		{5FECA534-FAFC-4FB6-B76E-037CF370F803}.Release|Any CPU.ActiveCfg = Release|Any CPU
		{5FECA534-FAFC-4FB6-B76E-037CF370F803}.Release|Any CPU.Build.0 = Release|Any CPU
		{905325F5-4FE1-4246-8A65-DDF49CA7A50D}.Debug|Any CPU.ActiveCfg = Debug|Any CPU
		{905325F5-4FE1-4246-8A65-DDF49CA7A50D}.Debug|Any CPU.Build.0 = Debug|Any CPU
		{905325F5-4FE1-4246-8A65-DDF49CA7A50D}.Release|Any CPU.ActiveCfg = Release|Any CPU
		{905325F5-4FE1-4246-8A65-DDF49CA7A50D}.Release|Any CPU.Build.0 = Release|Any CPU
	EndGlobalSection
	GlobalSection(SolutionProperties) = preSolution
		HideSolutionNode = FALSE
	EndGlobalSection
	GlobalSection(NestedProjects) = preSolution
		{CA4BA115-6992-446F-B7F5-734951BF99F6} = {D44CE01E-6359-4BAE-A800-065E77FFB1E2}
		{79A9AEED-F013-4AF2-8A3B-57986E6AE05A} = {4A2FF568-6425-437D-B3A9-59A1AD81BF50}
		{D3DC1144-3EA2-48BD-AC8D-C5C3FC84FD8C} = {28611C63-BE9A-4A35-AE66-C79EB3B10F3C}
		{05D64C89-E08F-4AE6-98B1-5FD193587F8F} = {448E6539-B3AC-46CA-8E06-952D4D6C25F4}
		{69100CF2-CDA4-4ABC-8671-8E4BDFEAFBDB} = {ABA97013-760C-4F3A-9BF3-3AE4744A5095}
		{F8AF24C4-D01C-4CA7-BE27-0B37C99C46A9} = {3E7FFB8E-CE6D-48EF-82E8-1E7E5184F6B8}
		{612C32B2-E9F0-4A95-B58B-D95A28578615} = {F8AF24C4-D01C-4CA7-BE27-0B37C99C46A9}
		{32D6B53D-3512-4863-8B5E-5625847BBEA0} = {F8AF24C4-D01C-4CA7-BE27-0B37C99C46A9}
		{A3622C74-EF76-4E83-9D5A-B32FF4577D9E} = {55D63373-D39C-4D9D-88A5-4876FF79145A}
		{5FECA534-FAFC-4FB6-B76E-037CF370F803} = {F8AF24C4-D01C-4CA7-BE27-0B37C99C46A9}
		{905325F5-4FE1-4246-8A65-DDF49CA7A50D} = {3E7FFB8E-CE6D-48EF-82E8-1E7E5184F6B8}
	EndGlobalSection
	GlobalSection(ExtensibilityGlobals) = postSolution
		SolutionGuid = {A67D26EE-42F3-4231-8991-BDE591B4C5CD}
	EndGlobalSection
EndGlobal
